{
    "_meta": {
        "hash": {
            "sha256": "823e9c1a0633c7bb01bd2e1fa88a340430c153d149ad1fdb69ea1e51e025a3c6"
        },
        "pipfile-spec": 6,
        "requires": {
            "python_version": "3.11"
        },
        "sources": [
            {
                "name": "pypi",
                "url": "https://pypi.org/simple",
                "verify_ssl": true
            }
        ]
    },
    "default": {
        "tenacity": {
            "hashes": [
                "sha256:807f37ca97d62aa361264d497b0e31e92b8027044942bfa756160d908320d73b",
                "sha256:93de0c98785b27fcf659856aa9f54bfbd399e29969b0621bc7f762bd441b4539"
            ],
            "index": "pypi",
            "markers": "python_version >= '3.8'",
            "version": "==9.0.0"
        }
    },
    "develop": {}
}
